
Microsoft Visual Studio Solution File, Format Version 12.00
# Visual Studio Version 17
VisualStudioVersion = 17.0.31919.166
MinimumVisualStudioVersion = 10.0.40219.1
Project("{FAE04EC0-301F-11D3-BF4B-00C04F79EFBC}") = "ShoeStoreWeb", "ShoeStoreWeb\ShoeStoreWeb.csproj", "{6082359C-A8A7-4DE3-8E0C-52AE0CE02132}"
EndProject
Project("{FAE04EC0-301F-11D3-BF4B-00C04F79EFBC}") = "ShoeStore.Data", "ShoeStore.Data\ShoeStore.Data.csproj", "{2291379B-6426-402C-9FB0-26FCC839DE3A}"
EndProject
Project("{FAE04EC0-301F-11D3-BF4B-00C04F79EFBC}") = "ShoeStore.Models", "ShoeStore.Models\ShoeStore.Models.csproj", "{593EA025-377F-4A8D-855F-C04C9120A202}"
EndProject
Project("{FAE04EC0-301F-11D3-BF4B-00C04F79EFBC}") = "ShoeStore.Utility", "ShoeStore.Utility\ShoeStore.Utility.csproj", "{6DEFDD23-5FA8-4509-9BB8-C19B08A693B4}"
EndProject
Global
	GlobalSection(SolutionConfigurationPlatforms) = preSolution
		Debug|Any CPU = Debug|Any CPU
		Release|Any CPU = Release|Any CPU
	EndGlobalSection
	GlobalSection(ProjectConfigurationPlatforms) = postSolution
		{6082359C-A8A7-4DE3-8E0C-52AE0CE02132}.Debug|Any CPU.ActiveCfg = Debug|Any CPU
		{6082359C-A8A7-4DE3-8E0C-52AE0CE02132}.Debug|Any CPU.Build.0 = Debug|Any CPU
		{6082359C-A8A7-4DE3-8E0C-52AE0CE02132}.Release|Any CPU.ActiveCfg = Release|Any CPU
		{6082359C-A8A7-4DE3-8E0C-52AE0CE02132}.Release|Any CPU.Build.0 = Release|Any CPU
		{2291379B-6426-402C-9FB0-26FCC839DE3A}.Debug|Any CPU.ActiveCfg = Debug|Any CPU
		{2291379B-6426-402C-9FB0-26FCC839DE3A}.Debug|Any CPU.Build.0 = Debug|Any CPU
		{2291379B-6426-402C-9FB0-26FCC839DE3A}.Release|Any CPU.ActiveCfg = Release|Any CPU
		{2291379B-6426-402C-9FB0-26FCC839DE3A}.Release|Any CPU.Build.0 = Release|Any CPU
		{593EA025-377F-4A8D-855F-C04C9120A202}.Debug|Any CPU.ActiveCfg = Debug|Any CPU
		{593EA025-377F-4A8D-855F-C04C9120A202}.Debug|Any CPU.Build.0 = Debug|Any CPU
		{593EA025-377F-4A8D-855F-C04C9120A202}.Release|Any CPU.ActiveCfg = Release|Any CPU
		{593EA025-377F-4A8D-855F-C04C9120A202}.Release|Any CPU.Build.0 = Release|Any CPU
		{6DEFDD23-5FA8-4509-9BB8-C19B08A693B4}.Debug|Any CPU.ActiveCfg = Debug|Any CPU
		{6DEFDD23-5FA8-4509-9BB8-C19B08A693B4}.Debug|Any CPU.Build.0 = Debug|Any CPU
		{6DEFDD23-5FA8-4509-9BB8-C19B08A693B4}.Release|Any CPU.ActiveCfg = Release|Any CPU
		{6DEFDD23-5FA8-4509-9BB8-C19B08A693B4}.Release|Any CPU.Build.0 = Release|Any CPU
	EndGlobalSection
	GlobalSection(SolutionProperties) = preSolution
		HideSolutionNode = FALSE
	EndGlobalSection
	GlobalSection(ExtensibilityGlobals) = postSolution
		SolutionGuid = {B0AEBA81-3486-401B-8E39-77D633704A80}
	EndGlobalSection
EndGlobal
